// !$*UTF8*$!
{
	archiveVersion = 1;
	classes = {
	};
	objectVersion = 50;
	objects = {

/* Begin PBXBuildFile section */
		43179B9225FE041D001EFD30 /* InitViewController.swift in Sources */ = {isa = PBXBuildFile; fileRef = 43179B9125FE041D001EFD30 /* InitViewController.swift */; };
		43179B9525FEE7B3001EFD30 /* TableMenuViewController.swift in Sources */ = {isa = PBXBuildFile; fileRef = 43179B9425FEE7B2001EFD30 /* TableMenuViewController.swift */; };
		43F9C19125F99F430021B6CC /* AppDelegate.swift in Sources */ = {isa = PBXBuildFile; fileRef = 43F9C19025F99F430021B6CC /* AppDelegate.swift */; };
		43F9C19325F99F430021B6CC /* SceneDelegate.swift in Sources */ = {isa = PBXBuildFile; fileRef = 43F9C19225F99F430021B6CC /* SceneDelegate.swift */; };
		43F9C19525F99F430021B6CC /* ViewController.swift in Sources */ = {isa = PBXBuildFile; fileRef = 43F9C19425F99F430021B6CC /* ViewController.swift */; };
		43F9C19825F99F430021B6CC /* Main.storyboard in Resources */ = {isa = PBXBuildFile; fileRef = 43F9C19625F99F430021B6CC /* Main.storyboard */; };
		43F9C19A25F99F460021B6CC /* Assets.xcassets in Resources */ = {isa = PBXBuildFile; fileRef = 43F9C19925F99F460021B6CC /* Assets.xcassets */; };
		43F9C19D25F99F460021B6CC /* LaunchScreen.storyboard in Resources */ = {isa = PBXBuildFile; fileRef = 43F9C19B25F99F460021B6CC /* LaunchScreen.storyboard */; };
/* End PBXBuildFile section */

/* Begin PBXFileReference section */
		43179B9125FE041D001EFD30 /* InitViewController.swift */ = {isa = PBXFileReference; lastKnownFileType = sourcecode.swift; path = InitViewController.swift; sourceTree = "<group>"; };
		43179B9425FEE7B2001EFD30 /* TableMenuViewController.swift */ = {isa = PBXFileReference; lastKnownFileType = sourcecode.swift; path = TableMenuViewController.swift; sourceTree = "<group>"; };
		43F9C18D25F99F430021B6CC /* O'Clock.app */ = {isa = PBXFileReference; explicitFileType = wrapper.application; includeInIndex = 0; path = "O'Clock.app"; sourceTree = BUILT_PRODUCTS_DIR; };
		43F9C19025F99F430021B6CC /* AppDelegate.swift */ = {isa = PBXFileReference; lastKnownFileType = sourcecode.swift; path = AppDelegate.swift; sourceTree = "<group>"; };
		43F9C19225F99F430021B6CC /* SceneDelegate.swift */ = {isa = PBXFileReference; lastKnownFileType = sourcecode.swift; path = SceneDelegate.swift; sourceTree = "<group>"; };
		43F9C19425F99F430021B6CC /* ViewController.swift */ = {isa = PBXFileReference; lastKnownFileType = sourcecode.swift; path = ViewController.swift; sourceTree = "<group>"; };
		43F9C19725F99F430021B6CC /* Base */ = {isa = PBXFileReference; lastKnownFileType = file.storyboard; name = Base; path = Base.lproj/Main.storyboard; sourceTree = "<group>"; };
		43F9C19925F99F460021B6CC /* Assets.xcassets */ = {isa = PBXFileReference; lastKnownFileType = folder.assetcatalog; path = Assets.xcassets; sourceTree = "<group>"; };
		43F9C19C25F99F460021B6CC /* Base */ = {isa = PBXFileReference; lastKnownFileType = file.storyboard; name = Base; path = Base.lproj/LaunchScreen.storyboard; sourceTree = "<group>"; };
		43F9C19E25F99F460021B6CC /* Info.plist */ = {isa = PBXFileReference; lastKnownFileType = text.plist.xml; path = Info.plist; sourceTree = "<group>"; };
/* End PBXFileReference section */

/* Begin PBXFrameworksBuildPhase section */
		43F9C18A25F99F430021B6CC /* Frameworks */ = {
			isa = PBXFrameworksBuildPhase;
			buildActionMask = 2147483647;
			files = (
			);
			runOnlyForDeploymentPostprocessing = 0;
		};
/* End PBXFrameworksBuildPhase section */

/* Begin PBXGroup section */
		43F9C18425F99F430021B6CC = {
			isa = PBXGroup;
			children = (
				43F9C18F25F99F430021B6CC /* O'Clock */,
				43F9C18E25F99F430021B6CC /* Products */,
			);
			sourceTree = "<group>";
		};
		43F9C18E25F99F430021B6CC /* Products */ = {
			isa = PBXGroup;
			children = (
				43F9C18D25F99F430021B6CC /* O'Clock.app */,
			);
			name = Products;
			sourceTree = "<group>";
		};
		43F9C18F25F99F430021B6CC /* O'Clock */ = {
			isa = PBXGroup;
			children = (
				43F9C19025F99F430021B6CC /* AppDelegate.swift */,
				43F9C19225F99F430021B6CC /* SceneDelegate.swift */,
				43F9C19425F99F430021B6CC /* ViewController.swift */,
				43179B9125FE041D001EFD30 /* InitViewController.swift */,
				43F9C19625F99F430021B6CC /* Main.storyboard */,
				43F9C19925F99F460021B6CC /* Assets.xcassets */,
				43F9C19B25F99F460021B6CC /* LaunchScreen.storyboard */,
				43F9C19E25F99F460021B6CC /* Info.plist */,
				43179B9425FEE7B2001EFD30 /* TableMenuViewController.swift */,
			);
			path = "O'Clock";
			sourceTree = "<group>";
		};
/* End PBXGroup section */

/* Begin PBXNativeTarget section */
		43F9C18C25F99F430021B6CC /* O'Clock */ = {
			isa = PBXNativeTarget;
			buildConfigurationList = 43F9C1A125F99F460021B6CC /* Build configuration list for PBXNativeTarget "O'Clock" */;
			buildPhases = (
				43F9C18925F99F430021B6CC /* Sources */,
				43F9C18A25F99F430021B6CC /* Frameworks */,
				43F9C18B25F99F430021B6CC /* Resources */,
			);
			buildRules = (
			);
			dependencies = (
			);
			name = "O'Clock";
			productName = "O'Clock";
			productReference = 43F9C18D25F99F430021B6CC /* O'Clock.app */;
			productType = "com.apple.product-type.application";
		};
/* End PBXNativeTarget section */

/* Begin PBXProject section */
		43F9C18525F99F430021B6CC /* Project object */ = {
			isa = PBXProject;
			attributes = {
				LastSwiftUpdateCheck = 1230;
				LastUpgradeCheck = 1230;
				TargetAttributes = {
					43F9C18C25F99F430021B6CC = {
						CreatedOnToolsVersion = 12.3;
					};
				};
			};
			buildConfigurationList = 43F9C18825F99F430021B6CC /* Build configuration list for PBXProject "O'Clock" */;
			compatibilityVersion = "Xcode 9.3";
			developmentRegion = en;
			hasScannedForEncodings = 0;
			knownRegions = (
				en,
				Base,
			);
			mainGroup = 43F9C18425F99F430021B6CC;
			productRefGroup = 43F9C18E25F99F430021B6CC /* Products */;
			projectDirPath = "";
			projectRoot = "";
			targets = (
				43F9C18C25F99F430021B6CC /* O'Clock */,
			);
		};
/* End PBXProject section */

/* Begin PBXResourcesBuildPhase section */
		43F9C18B25F99F430021B6CC /* Resources */ = {
			isa = PBXResourcesBuildPhase;
			buildActionMask = 2147483647;
			files = (
				43F9C19D25F99F460021B6CC /* LaunchScreen.storyboard in Resources */,
				43F9C19A25F99F460021B6CC /* Assets.xcassets in Resources */,
				43F9C19825F99F430021B6CC /* Main.storyboard in Resources */,
			);
			runOnlyForDeploymentPostprocessing = 0;
		};
/* End PBXResourcesBuildPhase section */

/* Begin PBXSourcesBuildPhase section */
		43F9C18925F99F430021B6CC /* Sources */ = {
			isa = PBXSourcesBuildPhase;
			buildActionMask = 2147483647;
			files = (
				43F9C19525F99F430021B6CC /* ViewController.swift in Sources */,
				43F9C19125F99F430021B6CC /* AppDelegate.swift in Sources */,
				43179B9225FE041D001EFD30 /* InitViewController.swift in Sources */,
				43F9C19325F99F430021B6CC /* SceneDelegate.swift in Sources */,
				43179B9525FEE7B3001EFD30 /* TableMenuViewController.swift in Sources */,
			);
			runOnlyForDeploymentPostprocessing = 0;
		};
/* End PBXSourcesBuildPhase section */

/* Begin PBXVariantGroup section */
		43F9C19625F99F430021B6CC /* Main.storyboard */ = {
			isa = PBXVariantGroup;
			children = (
				43F9C19725F99F430021B6CC /* Base */,
			);
			name = Main.storyboard;
			sourceTree = "<group>";
		};
		43F9C19B25F99F460021B6CC /* LaunchScreen.storyboard */ = {
			isa = PBXVariantGroup;
			children = (
				43F9C19C25F99F460021B6CC /* Base */,
			);
			name = LaunchScreen.storyboard;
			sourceTree = "<group>";
		};
/* End PBXVariantGroup section */

/* Begin XCBuildConfiguration section */
		43F9C19F25F99F460021B6CC /* Debug */ = {
			isa = XCBuildConfiguration;
			buildSettings = {
				ALWAYS_SEARCH_USER_PATHS = NO;
				CLANG_ANALYZER_NONNULL = YES;
				CLANG_ANALYZER_NUMBER_OBJECT_CONVERSION = YES_AGGRESSIVE;
				CLANG_CXX_LANGUAGE_STANDARD = "gnu++14";
				CLANG_CXX_LIBRARY = "libc++";
				CLANG_ENABLE_MODULES = YES;
				CLANG_ENABLE_OBJC_ARC = YES;
				CLANG_ENABLE_OBJC_WEAK = YES;
				CLANG_WARN_BLOCK_CAPTURE_AUTORELEASING = YES;
				CLANG_WARN_BOOL_CONVERSION = YES;
				CLANG_WARN_COMMA = YES;
				CLANG_WARN_CONSTANT_CONVERSION = YES;
				CLANG_WARN_DEPRECATED_OBJC_IMPLEMENTATIONS = YES;
				CLANG_WARN_DIRECT_OBJC_ISA_USAGE = YES_ERROR;
				CLANG_WARN_DOCUMENTATION_COMMENTS = YES;
				CLANG_WARN_EMPTY_BODY = YES;
				CLANG_WARN_ENUM_CONVERSION = YES;
				CLANG_WARN_INFINITE_RECURSION = YES;
				CLANG_WARN_INT_CONVERSION = YES;
				CLANG_WARN_NON_LITERAL_NULL_CONVERSION = YES;
				CLANG_WARN_OBJC_IMPLICIT_RETAIN_SELF = YES;
				CLANG_WARN_OBJC_LITERAL_CONVERSION = YES;
				CLANG_WARN_OBJC_ROOT_CLASS = YES_ERROR;
				CLANG_WARN_QUOTED_INCLUDE_IN_FRAMEWORK_HEADER = YES;
				CLANG_WARN_RANGE_LOOP_ANALYSIS = YES;
				CLANG_WARN_STRICT_PROTOTYPES = YES;
				CLANG_WARN_SUSPICIOUS_MOVE = YES;
				CLANG_WARN_UNGUARDED_AVAILABILITY = YES_AGGRESSIVE;
				CLANG_WARN_UNREACHABLE_CODE = YES;
				CLANG_WARN__DUPLICATE_METHOD_MATCH = YES;
				COPY_PHASE_STRIP = NO;
				DEBUG_INFORMATION_FORMAT = dwarf;
				ENABLE_STRICT_OBJC_MSGSEND = YES;
				ENABLE_TESTABILITY = YES;
				GCC_C_LANGUAGE_STANDARD = gnu11;
				GCC_DYNAMIC_NO_PIC = NO;
				GCC_NO_COMMON_BLOCKS = YES;
				GCC_OPTIMIZATION_LEVEL = 0;
				GCC_PREPROCESSOR_DEFINITIONS = (
					"DEBUG=1",
					"$(inherited)",
				);
				GCC_WARN_64_TO_32_BIT_CONVERSION = YES;
				GCC_WARN_ABOUT_RETURN_TYPE = YES_ERROR;
				GCC_WARN_UNDECLARED_SELECTOR = YES;
				GCC_WARN_UNINITIALIZED_AUTOS = YES_AGGRESSIVE;
				GCC_WARN_UNUSED_FUNCTION = YES;
				GCC_WARN_UNUSED_VARIABLE = YES;
				IPHONEOS_DEPLOYMENT_TARGET = 14.3;
				MTL_ENABLE_DEBUG_INFO = INCLUDE_SOURCE;
				MTL_FAST_MATH = YES;
				ONLY_ACTIVE_ARCH = YES;
				SDKROOT = iphoneos;
				SWIFT_ACTIVE_COMPILATION_CONDITIONS = DEBUG;
				SWIFT_OPTIMIZATION_LEVEL = "-Onone";
			};
			name = Debug;
		};
		43F9C1A025F99F460021B6CC /* Release */ = {
			isa = XCBuildConfiguration;
			buildSettings = {
				ALWAYS_SEARCH_USER_PATHS = NO;
				CLANG_ANALYZER_NONNULL = YES;
				CLANG_ANALYZER_NUMBER_OBJECT_CONVERSION = YES_AGGRESSIVE;
				CLANG_CXX_LANGUAGE_STANDARD = "gnu++14";
				CLANG_CXX_LIBRARY = "libc++";
				CLANG_ENABLE_MODULES = YES;
				CLANG_ENABLE_OBJC_ARC = YES;
				CLANG_ENABLE_OBJC_WEAK = YES;
				CLANG_WARN_BLOCK_CAPTURE_AUTORELEASING = YES;
				CLANG_WARN_BOOL_CONVERSION = YES;
				CLANG_WARN_COMMA = YES;
				CLANG_WARN_CONSTANT_CONVERSION = YES;
				CLANG_WARN_DEPRECATED_OBJC_IMPLEMENTATIONS = YES;
				CLANG_WARN_DIRECT_OBJC_ISA_USAGE = YES_ERROR;
				CLANG_WARN_DOCUMENTATION_COMMENTS = YES;
				CLANG_WARN_EMPTY_BODY = YES;
				CLANG_WARN_ENUM_CONVERSION = YES;
				CLANG_WARN_INFINITE_RECURSION = YES;
				CLANG_WARN_INT_CONVERSION = YES;
				CLANG_WARN_NON_LITERAL_NULL_CONVERSION = YES;
				CLANG_WARN_OBJC_IMPLICIT_RETAIN_SELF = YES;
				CLANG_WARN_OBJC_LITERAL_CONVERSION = YES;
				CLANG_WARN_OBJC_ROOT_CLASS = YES_ERROR;
				CLANG_WARN_QUOTED_INCLUDE_IN_FRAMEWORK_HEADER = YES;
				CLANG_WARN_RANGE_LOOP_ANALYSIS = YES;
				CLANG_WARN_STRICT_PROTOTYPES = YES;
				CLANG_WARN_SUSPICIOUS_MOVE = YES;
				CLANG_WARN_UNGUARDED_AVAILABILITY = YES_AGGRESSIVE;
				CLANG_WARN_UNREACHABLE_CODE = YES;
				CLANG_WARN__DUPLICATE_METHOD_MATCH = YES;
				COPY_PHASE_STRIP = NO;
				DEBUG_INFORMATION_FORMAT = "dwarf-with-dsym";
				ENABLE_NS_ASSERTIONS = NO;
				ENABLE_STRICT_OBJC_MSGSEND = YES;
				GCC_C_LANGUAGE_STANDARD = gnu11;
				GCC_NO_COMMON_BLOCKS = YES;
				GCC_WARN_64_TO_32_BIT_CONVERSION = YES;
				GCC_WARN_ABOUT_RETURN_TYPE = YES_ERROR;
				GCC_WARN_UNDECLARED_SELECTOR = YES;
				GCC_WARN_UNINITIALIZED_AUTOS = YES_AGGRESSIVE;
				GCC_WARN_UNUSED_FUNCTION = YES;
				GCC_WARN_UNUSED_VARIABLE = YES;
				IPHONEOS_DEPLOYMENT_TARGET = 14.3;
				MTL_ENABLE_DEBUG_INFO = NO;
				MTL_FAST_MATH = YES;
				SDKROOT = iphoneos;
				SWIFT_COMPILATION_MODE = wholemodule;
				SWIFT_OPTIMIZATION_LEVEL = "-O";
				VALIDATE_PRODUCT = YES;
			};
			name = Release;
		};
		43F9C1A225F99F460021B6CC /* Debug */ = {
			isa = XCBuildConfiguration;
			buildSettings = {
				ASSETCATALOG_COMPILER_APPICON_NAME = AppIcon;
				ASSETCATALOG_COMPILER_GLOBAL_ACCENT_COLOR_NAME = AccentColor;
				CODE_SIGN_STYLE = Automatic;
				INFOPLIST_FILE = "O'Clock/Info.plist";
				LD_RUNPATH_SEARCH_PATHS = (
					"$(inherited)",
					"@executable_path/Frameworks",
				);
				PRODUCT_BUNDLE_IDENTIFIER = "com.example.O-Clock";
				PRODUCT_NAME = "$(TARGET_NAME)";
				SWIFT_VERSION = 5.0;
				TARGETED_DEVICE_FAMILY = "1,2";
			};
			name = Debug;
		};
		43F9C1A325F99F460021B6CC /* Release */ = {
			isa = XCBuildConfiguration;
			buildSettings = {
				ASSETCATALOG_COMPILER_APPICON_NAME = AppIcon;
				ASSETCATALOG_COMPILER_GLOBAL_ACCENT_COLOR_NAME = AccentColor;
				CODE_SIGN_STYLE = Automatic;
				INFOPLIST_FILE = "O'Clock/Info.plist";
				LD_RUNPATH_SEARCH_PATHS = (
					"$(inherited)",
					"@executable_path/Frameworks",
				);
				PRODUCT_BUNDLE_IDENTIFIER = "com.example.O-Clock";
				PRODUCT_NAME = "$(TARGET_NAME)";
				SWIFT_VERSION = 5.0;
				TARGETED_DEVICE_FAMILY = "1,2";
			};
			name = Release;
		};
/* End XCBuildConfiguration section */

/* Begin XCConfigurationList section */
		43F9C18825F99F430021B6CC /* Build configuration list for PBXProject "O'Clock" */ = {
			isa = XCConfigurationList;
			buildConfigurations = (
				43F9C19F25F99F460021B6CC /* Debug */,
				43F9C1A025F99F460021B6CC /* Release */,
			);
			defaultConfigurationIsVisible = 0;
			defaultConfigurationName = Release;
		};
		43F9C1A125F99F460021B6CC /* Build configuration list for PBXNativeTarget "O'Clock" */ = {
			isa = XCConfigurationList;
			buildConfigurations = (
				43F9C1A225F99F460021B6CC /* Debug */,
				43F9C1A325F99F460021B6CC /* Release */,
			);
			defaultConfigurationIsVisible = 0;
			defaultConfigurationName = Release;
		};
/* End XCConfigurationList section */
	};
	rootObject = 43F9C18525F99F430021B6CC /* Project object */;
}
